
Microsoft Visual Studio Solution File, Format Version 12.00
Project("{FAE04EC0-301F-11D3-BF4B-00C04F79EFBC}") = "Orbit.System", "Orbit.System\Orbit.System.csproj", "{047FF9BB-7FF2-4294-B65B-A1D427617FB5}"
EndProject
Project("{FAE04EC0-301F-11D3-BF4B-00C04F79EFBC}") = "Orbit.Newtonsoft", "Orbit.Newtonsoft\Orbit.Newtonsoft.csproj", "{F5553611-B537-4FC4-9CBC-D6550BD93FC4}"
EndProject
Project("{FAE04EC0-301F-11D3-BF4B-00C04F79EFBC}") = "Orbit.System.Web", "Orbit.System.Web\Orbit.System.Web.csproj", "{527C0FE5-5A17-4EC9-8D3A-6BBB4C32C5F7}"
EndProject
Project("{2150E333-8FDC-42A3-9474-1A3956D46DE8}") = "Solution Files", "Solution Files", "{FD900C27-2D1A-4DFF-8010-902F43F181A0}"
ProjectSection(SolutionItems) = preProject
	README.md = README.md
	LICENSE.txt = LICENSE.txt
EndProjectSection
EndProject
Project("{FAE04EC0-301F-11D3-BF4B-00C04F79EFBC}") = "Orbit.Crypto", "Orbit.Crypto\Orbit.Crypto.csproj", "{FCE5461B-1D0A-4369-A671-9317EE2430D4}"
EndProject
Project("{FAE04EC0-301F-11D3-BF4B-00C04F79EFBC}") = "Tests", "Tests\Tests.csproj", "{045AC7B4-966C-4633-9E49-7E359D6C94D5}"
EndProject
Global
	GlobalSection(SolutionConfigurationPlatforms) = preSolution
		Debug|Any CPU = Debug|Any CPU
		Release|Any CPU = Release|Any CPU
	EndGlobalSection
	GlobalSection(ProjectConfigurationPlatforms) = postSolution
		{F5553611-B537-4FC4-9CBC-D6550BD93FC4}.Debug|Any CPU.ActiveCfg = Debug|Any CPU
		{F5553611-B537-4FC4-9CBC-D6550BD93FC4}.Debug|Any CPU.Build.0 = Debug|Any CPU
		{F5553611-B537-4FC4-9CBC-D6550BD93FC4}.Release|Any CPU.ActiveCfg = Release|Any CPU
		{F5553611-B537-4FC4-9CBC-D6550BD93FC4}.Release|Any CPU.Build.0 = Release|Any CPU
		{047FF9BB-7FF2-4294-B65B-A1D427617FB5}.Debug|Any CPU.ActiveCfg = Debug|Any CPU
		{047FF9BB-7FF2-4294-B65B-A1D427617FB5}.Debug|Any CPU.Build.0 = Debug|Any CPU
		{047FF9BB-7FF2-4294-B65B-A1D427617FB5}.Release|Any CPU.ActiveCfg = Release|Any CPU
		{047FF9BB-7FF2-4294-B65B-A1D427617FB5}.Release|Any CPU.Build.0 = Release|Any CPU
		{527C0FE5-5A17-4EC9-8D3A-6BBB4C32C5F7}.Debug|Any CPU.ActiveCfg = Debug|Any CPU
		{527C0FE5-5A17-4EC9-8D3A-6BBB4C32C5F7}.Debug|Any CPU.Build.0 = Debug|Any CPU
		{527C0FE5-5A17-4EC9-8D3A-6BBB4C32C5F7}.Release|Any CPU.ActiveCfg = Release|Any CPU
		{527C0FE5-5A17-4EC9-8D3A-6BBB4C32C5F7}.Release|Any CPU.Build.0 = Release|Any CPU
		{FCE5461B-1D0A-4369-A671-9317EE2430D4}.Debug|Any CPU.ActiveCfg = Debug|Any CPU
		{FCE5461B-1D0A-4369-A671-9317EE2430D4}.Debug|Any CPU.Build.0 = Debug|Any CPU
		{FCE5461B-1D0A-4369-A671-9317EE2430D4}.Release|Any CPU.ActiveCfg = Release|Any CPU
		{FCE5461B-1D0A-4369-A671-9317EE2430D4}.Release|Any CPU.Build.0 = Release|Any CPU
		{045AC7B4-966C-4633-9E49-7E359D6C94D5}.Debug|Any CPU.ActiveCfg = Debug|Any CPU
		{045AC7B4-966C-4633-9E49-7E359D6C94D5}.Debug|Any CPU.Build.0 = Debug|Any CPU
		{045AC7B4-966C-4633-9E49-7E359D6C94D5}.Release|Any CPU.ActiveCfg = Release|Any CPU
		{045AC7B4-966C-4633-9E49-7E359D6C94D5}.Release|Any CPU.Build.0 = Release|Any CPU
	EndGlobalSection
EndGlobal
